
Microsoft Visual Studio Solution File, Format Version 12.00
# Visual Studio Version 16
VisualStudioVersion = 16.0.30406.217
MinimumVisualStudioVersion = 10.0.40219.1
Project("{8BC9CEB8-8B4A-11D0-8D11-00A0C91BC942}") = "hideProcess64v2", "hideProcess64v2\hideProcess64v2.vcxproj", "{F5DDAFBB-25C6-4E73-8AD9-82DF24B2BA9F}"
EndProject
Global
	GlobalSection(SolutionConfigurationPlatforms) = preSolution
		Debug|x64 = Debug|x64
		Debug|x86 = Debug|x86
		Release|x64 = Release|x64
		Release|x86 = Release|x86
	EndGlobalSection
	GlobalSection(ProjectConfigurationPlatforms) = postSolution
		{F5DDAFBB-25C6-4E73-8AD9-82DF24B2BA9F}.Debug|x64.ActiveCfg = Debug|x64
		{F5DDAFBB-25C6-4E73-8AD9-82DF24B2BA9F}.Debug|x64.Build.0 = Debug|x64
		{F5DDAFBB-25C6-4E73-8AD9-82DF24B2BA9F}.Debug|x86.ActiveCfg = Debug|Win32
		{F5DDAFBB-25C6-4E73-8AD9-82DF24B2BA9F}.Debug|x86.Build.0 = Debug|Win32
		{F5DDAFBB-25C6-4E73-8AD9-82DF24B2BA9F}.Release|x64.ActiveCfg = Release|x64
		{F5DDAFBB-25C6-4E73-8AD9-82DF24B2BA9F}.Release|x64.Build.0 = Release|x64
		{F5DDAFBB-25C6-4E73-8AD9-82DF24B2BA9F}.Release|x86.ActiveCfg = Release|Win32
		{F5DDAFBB-25C6-4E73-8AD9-82DF24B2BA9F}.Release|x86.Build.0 = Release|Win32
	EndGlobalSection
	GlobalSection(SolutionProperties) = preSolution
		HideSolutionNode = FALSE
	EndGlobalSection
	GlobalSection(ExtensibilityGlobals) = postSolution
		SolutionGuid = {F063D1BA-959F-4EC7-8C73-6C169576FAD0}
	EndGlobalSection
EndGlobal
